
Microsoft Visual Studio Solution File, Format Version 12.00
Project("{FAE04EC0-301F-11D3-BF4B-00C04F79EFBC}") = "NftGenerator", "src\NftGenerator\NftGenerator.csproj", "{10E921F3-48D6-4BB2-B85A-D310ABCF2151}"
EndProject
Global
	GlobalSection(SolutionConfigurationPlatforms) = preSolution
		Debug|Any CPU = Debug|Any CPU
		Release|Any CPU = Release|Any CPU
	EndGlobalSection
	GlobalSection(ProjectConfigurationPlatforms) = postSolution
		{10E921F3-48D6-4BB2-B85A-D310ABCF2151}.Debug|Any CPU.ActiveCfg = Debug|Any CPU
		{10E921F3-48D6-4BB2-B85A-D310ABCF2151}.Debug|Any CPU.Build.0 = Debug|Any CPU
		{10E921F3-48D6-4BB2-B85A-D310ABCF2151}.Release|Any CPU.ActiveCfg = Release|Any CPU
		{10E921F3-48D6-4BB2-B85A-D310ABCF2151}.Release|Any CPU.Build.0 = Release|Any CPU
	EndGlobalSection
EndGlobal
